{
  "name": "new_website",
  "lockfileVersion": 3,
  "requires": true,
  "packages": {
    "": {
      "dependencies": {
        "taos": "^1.0.5"
      }
    },
    "node_modules/taos": {
      "version": "1.0.5",
      "resolved": "https://registry.npmjs.org/taos/-/taos-1.0.5.tgz",
      "integrity": "sha512-JSwR+ldec2dSjOnssN/VGjXSR44DbzUVeAXRDVEuMsc7xndx8ePcQ4QMAMUAL5V4KN1wlmhumyQ7aSykDf8uhw=="
    }
  }
}
